// !$*UTF8*$!
{
	archiveVersion = 1;
	classes = {
	};
	objectVersion = 56;
	objects = {

/* Begin PBXBuildFile section */
		598271C72C196BA600C43BF7 /* WeatherAppApp.swift in Sources */ = {isa = PBXBuildFile; fileRef = 598271C62C196BA600C43BF7 /* WeatherAppApp.swift */; };
		598271C92C196BA600C43BF7 /* ContentView.swift in Sources */ = {isa = PBXBuildFile; fileRef = 598271C82C196BA600C43BF7 /* ContentView.swift */; };
		598271CB2C196BA900C43BF7 /* Assets.xcassets in Resources */ = {isa = PBXBuildFile; fileRef = 598271CA2C196BA900C43BF7 /* Assets.xcassets */; };
		598271CE2C196BA900C43BF7 /* Preview Assets.xcassets in Resources */ = {isa = PBXBuildFile; fileRef = 598271CD2C196BA900C43BF7 /* Preview Assets.xcassets */; };
		599C0C552C19FA2900C3FDFF /* RainyView.swift in Sources */ = {isa = PBXBuildFile; fileRef = 599C0C542C19FA2900C3FDFF /* RainyView.swift */; };
		599C0C572C19FDB000C3FDFF /* rainFall.sks in Resources */ = {isa = PBXBuildFile; fileRef = 599C0C562C19FDB000C3FDFF /* rainFall.sks */; };
		599C0C592C1A097B00C3FDFF /* clouds.sks in Resources */ = {isa = PBXBuildFile; fileRef = 599C0C582C1A097B00C3FDFF /* clouds.sks */; };
		59BAA20A2C1A18D7000FE16B /* SnowyView.swift in Sources */ = {isa = PBXBuildFile; fileRef = 59BAA2092C1A18D7000FE16B /* SnowyView.swift */; };
		59BAA20C2C1A199F000FE16B /* snowFall.sks in Resources */ = {isa = PBXBuildFile; fileRef = 59BAA20B2C1A199F000FE16B /* snowFall.sks */; };
		59BAA20E2C1A1B9A000FE16B /* CloudyView.swift in Sources */ = {isa = PBXBuildFile; fileRef = 59BAA20D2C1A1B9A000FE16B /* CloudyView.swift */; };
		59BAA2102C1A1C1D000FE16B /* manyClouds.sks in Resources */ = {isa = PBXBuildFile; fileRef = 59BAA20F2C1A1C1D000FE16B /* manyClouds.sks */; };
		59BAA2142C1A41B9000FE16B /* SunnyView.swift in Sources */ = {isa = PBXBuildFile; fileRef = 59BAA2132C1A41B9000FE16B /* SunnyView.swift */; };
		59BAA2162C1A46A0000FE16B /* stars.sks in Resources */ = {isa = PBXBuildFile; fileRef = 59BAA2152C1A46A0000FE16B /* stars.sks */; };
		59BAA2212C1B7D26000FE16B /* myNetworkPackage in Frameworks */ = {isa = PBXBuildFile; productRef = 59BAA2202C1B7D26000FE16B /* myNetworkPackage */; };
/* End PBXBuildFile section */

/* Begin PBXFileReference section */
		598271C32C196BA600C43BF7 /* WeatherApp.app */ = {isa = PBXFileReference; explicitFileType = wrapper.application; includeInIndex = 0; path = WeatherApp.app; sourceTree = BUILT_PRODUCTS_DIR; };
		598271C62C196BA600C43BF7 /* WeatherAppApp.swift */ = {isa = PBXFileReference; lastKnownFileType = sourcecode.swift; path = WeatherAppApp.swift; sourceTree = "<group>"; };
		598271C82C196BA600C43BF7 /* ContentView.swift */ = {isa = PBXFileReference; lastKnownFileType = sourcecode.swift; path = ContentView.swift; sourceTree = "<group>"; };
		598271CA2C196BA900C43BF7 /* Assets.xcassets */ = {isa = PBXFileReference; lastKnownFileType = folder.assetcatalog; path = Assets.xcassets; sourceTree = "<group>"; };
		598271CD2C196BA900C43BF7 /* Preview Assets.xcassets */ = {isa = PBXFileReference; lastKnownFileType = folder.assetcatalog; path = "Preview Assets.xcassets"; sourceTree = "<group>"; };
		599C0C542C19FA2900C3FDFF /* RainyView.swift */ = {isa = PBXFileReference; lastKnownFileType = sourcecode.swift; path = RainyView.swift; sourceTree = "<group>"; };
		599C0C562C19FDB000C3FDFF /* rainFall.sks */ = {isa = PBXFileReference; lastKnownFileType = file.sks; path = rainFall.sks; sourceTree = "<group>"; };
		599C0C582C1A097B00C3FDFF /* clouds.sks */ = {isa = PBXFileReference; lastKnownFileType = file.sks; path = clouds.sks; sourceTree = "<group>"; };
		59BAA2092C1A18D7000FE16B /* SnowyView.swift */ = {isa = PBXFileReference; lastKnownFileType = sourcecode.swift; path = SnowyView.swift; sourceTree = "<group>"; };
		59BAA20B2C1A199F000FE16B /* snowFall.sks */ = {isa = PBXFileReference; lastKnownFileType = file.sks; path = snowFall.sks; sourceTree = "<group>"; };
		59BAA20D2C1A1B9A000FE16B /* CloudyView.swift */ = {isa = PBXFileReference; lastKnownFileType = sourcecode.swift; path = CloudyView.swift; sourceTree = "<group>"; };
		59BAA20F2C1A1C1D000FE16B /* manyClouds.sks */ = {isa = PBXFileReference; lastKnownFileType = file.sks; path = manyClouds.sks; sourceTree = "<group>"; };
		59BAA2132C1A41B9000FE16B /* SunnyView.swift */ = {isa = PBXFileReference; lastKnownFileType = sourcecode.swift; path = SunnyView.swift; sourceTree = "<group>"; };
		59BAA2152C1A46A0000FE16B /* stars.sks */ = {isa = PBXFileReference; lastKnownFileType = file.sks; path = stars.sks; sourceTree = "<group>"; };
/* End PBXFileReference section */

/* Begin PBXFrameworksBuildPhase section */
		598271C02C196BA600C43BF7 /* Frameworks */ = {
			isa = PBXFrameworksBuildPhase;
			buildActionMask = 2147483647;
			files = (
				59BAA2212C1B7D26000FE16B /* myNetworkPackage in Frameworks */,
			);
			runOnlyForDeploymentPostprocessing = 0;
		};
/* End PBXFrameworksBuildPhase section */

/* Begin PBXGroup section */
		598271BA2C196BA600C43BF7 = {
			isa = PBXGroup;
			children = (
				598271C52C196BA600C43BF7 /* WeatherApp */,
				598271C42C196BA600C43BF7 /* Products */,
			);
			sourceTree = "<group>";
		};
		598271C42C196BA600C43BF7 /* Products */ = {
			isa = PBXGroup;
			children = (
				598271C32C196BA600C43BF7 /* WeatherApp.app */,
			);
			name = Products;
			sourceTree = "<group>";
		};
		598271C52C196BA600C43BF7 /* WeatherApp */ = {
			isa = PBXGroup;
			children = (
				59BAA2242C1B7D9F000FE16B /* App */,
				59BAA2252C1B7DA6000FE16B /* Views */,
				59BAA2232C1B7D5D000FE16B /* AnimationViews */,
				59BAA2222C1B7D40000FE16B /* SpriteKit */,
				598271CA2C196BA900C43BF7 /* Assets.xcassets */,
				598271CC2C196BA900C43BF7 /* Preview Content */,
			);
			path = WeatherApp;
			sourceTree = "<group>";
		};
		598271CC2C196BA900C43BF7 /* Preview Content */ = {
			isa = PBXGroup;
			children = (
				598271CD2C196BA900C43BF7 /* Preview Assets.xcassets */,
			);
			path = "Preview Content";
			sourceTree = "<group>";
		};
		59BAA2222C1B7D40000FE16B /* SpriteKit */ = {
			isa = PBXGroup;
			children = (
				599C0C562C19FDB000C3FDFF /* rainFall.sks */,
				59BAA20B2C1A199F000FE16B /* snowFall.sks */,
				599C0C582C1A097B00C3FDFF /* clouds.sks */,
				59BAA20F2C1A1C1D000FE16B /* manyClouds.sks */,
				59BAA2152C1A46A0000FE16B /* stars.sks */,
			);
			path = SpriteKit;
			sourceTree = "<group>";
		};
		59BAA2232C1B7D5D000FE16B /* AnimationViews */ = {
			isa = PBXGroup;
			children = (
				59BAA2132C1A41B9000FE16B /* SunnyView.swift */,
				59BAA2092C1A18D7000FE16B /* SnowyView.swift */,
				59BAA20D2C1A1B9A000FE16B /* CloudyView.swift */,
				599C0C542C19FA2900C3FDFF /* RainyView.swift */,
			);
			path = AnimationViews;
			sourceTree = "<group>";
		};
		59BAA2242C1B7D9F000FE16B /* App */ = {
			isa = PBXGroup;
			children = (
				598271C62C196BA600C43BF7 /* WeatherAppApp.swift */,
			);
			path = App;
			sourceTree = "<group>";
		};
		59BAA2252C1B7DA6000FE16B /* Views */ = {
			isa = PBXGroup;
			children = (
				598271C82C196BA600C43BF7 /* ContentView.swift */,
			);
			path = Views;
			sourceTree = "<group>";
		};
/* End PBXGroup section */

/* Begin PBXNativeTarget section */
		598271C22C196BA600C43BF7 /* WeatherApp */ = {
			isa = PBXNativeTarget;
			buildConfigurationList = 598271D12C196BA900C43BF7 /* Build configuration list for PBXNativeTarget "WeatherApp" */;
			buildPhases = (
				598271BF2C196BA600C43BF7 /* Sources */,
				598271C02C196BA600C43BF7 /* Frameworks */,
				598271C12C196BA600C43BF7 /* Resources */,
			);
			buildRules = (
			);
			dependencies = (
			);
			name = WeatherApp;
			packageProductDependencies = (
				59BAA2202C1B7D26000FE16B /* myNetworkPackage */,
			);
			productName = WeatherApp;
			productReference = 598271C32C196BA600C43BF7 /* WeatherApp.app */;
			productType = "com.apple.product-type.application";
		};
/* End PBXNativeTarget section */

/* Begin PBXProject section */
		598271BB2C196BA600C43BF7 /* Project object */ = {
			isa = PBXProject;
			attributes = {
				BuildIndependentTargetsInParallel = 1;
				LastSwiftUpdateCheck = 1540;
				LastUpgradeCheck = 1540;
				TargetAttributes = {
					598271C22C196BA600C43BF7 = {
						CreatedOnToolsVersion = 15.4;
					};
				};
			};
			buildConfigurationList = 598271BE2C196BA600C43BF7 /* Build configuration list for PBXProject "WeatherApp" */;
			compatibilityVersion = "Xcode 14.0";
			developmentRegion = en;
			hasScannedForEncodings = 0;
			knownRegions = (
				en,
				Base,
			);
			mainGroup = 598271BA2C196BA600C43BF7;
			packageReferences = (
				59BAA21F2C1B7D26000FE16B /* XCRemoteSwiftPackageReference "NetWorking-Package" */,
			);
			productRefGroup = 598271C42C196BA600C43BF7 /* Products */;
			projectDirPath = "";
			projectRoot = "";
			targets = (
				598271C22C196BA600C43BF7 /* WeatherApp */,
			);
		};
/* End PBXProject section */

/* Begin PBXResourcesBuildPhase section */
		598271C12C196BA600C43BF7 /* Resources */ = {
			isa = PBXResourcesBuildPhase;
			buildActionMask = 2147483647;
			files = (
				599C0C572C19FDB000C3FDFF /* rainFall.sks in Resources */,
				59BAA20C2C1A199F000FE16B /* snowFall.sks in Resources */,
				59BAA2102C1A1C1D000FE16B /* manyClouds.sks in Resources */,
				598271CE2C196BA900C43BF7 /* Preview Assets.xcassets in Resources */,
				598271CB2C196BA900C43BF7 /* Assets.xcassets in Resources */,
				599C0C592C1A097B00C3FDFF /* clouds.sks in Resources */,
				59BAA2162C1A46A0000FE16B /* stars.sks in Resources */,
			);
			runOnlyForDeploymentPostprocessing = 0;
		};
/* End PBXResourcesBuildPhase section */

/* Begin PBXSourcesBuildPhase section */
		598271BF2C196BA600C43BF7 /* Sources */ = {
			isa = PBXSourcesBuildPhase;
			buildActionMask = 2147483647;
			files = (
				59BAA20E2C1A1B9A000FE16B /* CloudyView.swift in Sources */,
				598271C92C196BA600C43BF7 /* ContentView.swift in Sources */,
				59BAA2142C1A41B9000FE16B /* SunnyView.swift in Sources */,
				59BAA20A2C1A18D7000FE16B /* SnowyView.swift in Sources */,
				598271C72C196BA600C43BF7 /* WeatherAppApp.swift in Sources */,
				599C0C552C19FA2900C3FDFF /* RainyView.swift in Sources */,
			);
			runOnlyForDeploymentPostprocessing = 0;
		};
/* End PBXSourcesBuildPhase section */

/* Begin XCBuildConfiguration section */
		598271CF2C196BA900C43BF7 /* Debug */ = {
			isa = XCBuildConfiguration;
			buildSettings = {
				ALWAYS_SEARCH_USER_PATHS = NO;
				ASSETCATALOG_COMPILER_GENERATE_SWIFT_ASSET_SYMBOL_EXTENSIONS = YES;
				CLANG_ANALYZER_NONNULL = YES;
				CLANG_ANALYZER_NUMBER_OBJECT_CONVERSION = YES_AGGRESSIVE;
				CLANG_CXX_LANGUAGE_STANDARD = "gnu++20";
				CLANG_ENABLE_MODULES = YES;
				CLANG_ENABLE_OBJC_ARC = YES;
				CLANG_ENABLE_OBJC_WEAK = YES;
				CLANG_WARN_BLOCK_CAPTURE_AUTORELEASING = YES;
				CLANG_WARN_BOOL_CONVERSION = YES;
				CLANG_WARN_COMMA = YES;
				CLANG_WARN_CONSTANT_CONVERSION = YES;
				CLANG_WARN_DEPRECATED_OBJC_IMPLEMENTATIONS = YES;
				CLANG_WARN_DIRECT_OBJC_ISA_USAGE = YES_ERROR;
				CLANG_WARN_DOCUMENTATION_COMMENTS = YES;
				CLANG_WARN_EMPTY_BODY = YES;
				CLANG_WARN_ENUM_CONVERSION = YES;
				CLANG_WARN_INFINITE_RECURSION = YES;
				CLANG_WARN_INT_CONVERSION = YES;
				CLANG_WARN_NON_LITERAL_NULL_CONVERSION = YES;
				CLANG_WARN_OBJC_IMPLICIT_RETAIN_SELF = YES;
				CLANG_WARN_OBJC_LITERAL_CONVERSION = YES;
				CLANG_WARN_OBJC_ROOT_CLASS = YES_ERROR;
				CLANG_WARN_QUOTED_INCLUDE_IN_FRAMEWORK_HEADER = YES;
				CLANG_WARN_RANGE_LOOP_ANALYSIS = YES;
				CLANG_WARN_STRICT_PROTOTYPES = YES;
				CLANG_WARN_SUSPICIOUS_MOVE = YES;
				CLANG_WARN_UNGUARDED_AVAILABILITY = YES_AGGRESSIVE;
				CLANG_WARN_UNREACHABLE_CODE = YES;
				CLANG_WARN__DUPLICATE_METHOD_MATCH = YES;
				COPY_PHASE_STRIP = NO;
				DEBUG_INFORMATION_FORMAT = dwarf;
				ENABLE_STRICT_OBJC_MSGSEND = YES;
				ENABLE_TESTABILITY = YES;
				ENABLE_USER_SCRIPT_SANDBOXING = YES;
				GCC_C_LANGUAGE_STANDARD = gnu17;
				GCC_DYNAMIC_NO_PIC = NO;
				GCC_NO_COMMON_BLOCKS = YES;
				GCC_OPTIMIZATION_LEVEL = 0;
				GCC_PREPROCESSOR_DEFINITIONS = (
					"DEBUG=1",
					"$(inherited)",
				);
				GCC_WARN_64_TO_32_BIT_CONVERSION = YES;
				GCC_WARN_ABOUT_RETURN_TYPE = YES_ERROR;
				GCC_WARN_UNDECLARED_SELECTOR = YES;
				GCC_WARN_UNINITIALIZED_AUTOS = YES_AGGRESSIVE;
				GCC_WARN_UNUSED_FUNCTION = YES;
				GCC_WARN_UNUSED_VARIABLE = YES;
				IPHONEOS_DEPLOYMENT_TARGET = 17.5;
				LOCALIZATION_PREFERS_STRING_CATALOGS = YES;
				MTL_ENABLE_DEBUG_INFO = INCLUDE_SOURCE;
				MTL_FAST_MATH = YES;
				ONLY_ACTIVE_ARCH = YES;
				SDKROOT = iphoneos;
				SWIFT_ACTIVE_COMPILATION_CONDITIONS = "DEBUG $(inherited)";
				SWIFT_OPTIMIZATION_LEVEL = "-Onone";
			};
			name = Debug;
		};
		598271D02C196BA900C43BF7 /* Release */ = {
			isa = XCBuildConfiguration;
			buildSettings = {
				ALWAYS_SEARCH_USER_PATHS = NO;
				ASSETCATALOG_COMPILER_GENERATE_SWIFT_ASSET_SYMBOL_EXTENSIONS = YES;
				CLANG_ANALYZER_NONNULL = YES;
				CLANG_ANALYZER_NUMBER_OBJECT_CONVERSION = YES_AGGRESSIVE;
				CLANG_CXX_LANGUAGE_STANDARD = "gnu++20";
				CLANG_ENABLE_MODULES = YES;
				CLANG_ENABLE_OBJC_ARC = YES;
				CLANG_ENABLE_OBJC_WEAK = YES;
				CLANG_WARN_BLOCK_CAPTURE_AUTORELEASING = YES;
				CLANG_WARN_BOOL_CONVERSION = YES;
				CLANG_WARN_COMMA = YES;
				CLANG_WARN_CONSTANT_CONVERSION = YES;
				CLANG_WARN_DEPRECATED_OBJC_IMPLEMENTATIONS = YES;
				CLANG_WARN_DIRECT_OBJC_ISA_USAGE = YES_ERROR;
				CLANG_WARN_DOCUMENTATION_COMMENTS = YES;
				CLANG_WARN_EMPTY_BODY = YES;
				CLANG_WARN_ENUM_CONVERSION = YES;
				CLANG_WARN_INFINITE_RECURSION = YES;
				CLANG_WARN_INT_CONVERSION = YES;
				CLANG_WARN_NON_LITERAL_NULL_CONVERSION = YES;
				CLANG_WARN_OBJC_IMPLICIT_RETAIN_SELF = YES;
				CLANG_WARN_OBJC_LITERAL_CONVERSION = YES;
				CLANG_WARN_OBJC_ROOT_CLASS = YES_ERROR;
				CLANG_WARN_QUOTED_INCLUDE_IN_FRAMEWORK_HEADER = YES;
				CLANG_WARN_RANGE_LOOP_ANALYSIS = YES;
				CLANG_WARN_STRICT_PROTOTYPES = YES;
				CLANG_WARN_SUSPICIOUS_MOVE = YES;
				CLANG_WARN_UNGUARDED_AVAILABILITY = YES_AGGRESSIVE;
				CLANG_WARN_UNREACHABLE_CODE = YES;
				CLANG_WARN__DUPLICATE_METHOD_MATCH = YES;
				COPY_PHASE_STRIP = NO;
				DEBUG_INFORMATION_FORMAT = "dwarf-with-dsym";
				ENABLE_NS_ASSERTIONS = NO;
				ENABLE_STRICT_OBJC_MSGSEND = YES;
				ENABLE_USER_SCRIPT_SANDBOXING = YES;
				GCC_C_LANGUAGE_STANDARD = gnu17;
				GCC_NO_COMMON_BLOCKS = YES;
				GCC_WARN_64_TO_32_BIT_CONVERSION = YES;
				GCC_WARN_ABOUT_RETURN_TYPE = YES_ERROR;
				GCC_WARN_UNDECLARED_SELECTOR = YES;
				GCC_WARN_UNINITIALIZED_AUTOS = YES_AGGRESSIVE;
				GCC_WARN_UNUSED_FUNCTION = YES;
				GCC_WARN_UNUSED_VARIABLE = YES;
				IPHONEOS_DEPLOYMENT_TARGET = 17.5;
				LOCALIZATION_PREFERS_STRING_CATALOGS = YES;
				MTL_ENABLE_DEBUG_INFO = NO;
				MTL_FAST_MATH = YES;
				SDKROOT = iphoneos;
				SWIFT_COMPILATION_MODE = wholemodule;
				VALIDATE_PRODUCT = YES;
			};
			name = Release;
		};
		598271D22C196BA900C43BF7 /* Debug */ = {
			isa = XCBuildConfiguration;
			buildSettings = {
				ASSETCATALOG_COMPILER_APPICON_NAME = AppIcon;
				ASSETCATALOG_COMPILER_GLOBAL_ACCENT_COLOR_NAME = AccentColor;
				CODE_SIGN_STYLE = Automatic;
				CURRENT_PROJECT_VERSION = 1;
				DEVELOPMENT_ASSET_PATHS = "\"WeatherApp/Preview Content\"";
				ENABLE_PREVIEWS = YES;
				GENERATE_INFOPLIST_FILE = YES;
				INFOPLIST_KEY_UIApplicationSceneManifest_Generation = YES;
				INFOPLIST_KEY_UIApplicationSupportsIndirectInputEvents = YES;
				INFOPLIST_KEY_UILaunchScreen_Generation = YES;
				INFOPLIST_KEY_UISupportedInterfaceOrientations_iPad = "UIInterfaceOrientationPortrait UIInterfaceOrientationPortraitUpsideDown UIInterfaceOrientationLandscapeLeft UIInterfaceOrientationLandscapeRight";
				INFOPLIST_KEY_UISupportedInterfaceOrientations_iPhone = "UIInterfaceOrientationPortrait UIInterfaceOrientationLandscapeLeft UIInterfaceOrientationLandscapeRight";
				LD_RUNPATH_SEARCH_PATHS = (
					"$(inherited)",
					"@executable_path/Frameworks",
				);
				MARKETING_VERSION = 1.0;
				PRODUCT_BUNDLE_IDENTIFIER = com.your.TBC.WeatherApp;
				PRODUCT_NAME = "$(TARGET_NAME)";
				SWIFT_EMIT_LOC_STRINGS = YES;
				SWIFT_VERSION = 5.0;
				TARGETED_DEVICE_FAMILY = "1,2";
			};
			name = Debug;
		};
		598271D32C196BA900C43BF7 /* Release */ = {
			isa = XCBuildConfiguration;
			buildSettings = {
				ASSETCATALOG_COMPILER_APPICON_NAME = AppIcon;
				ASSETCATALOG_COMPILER_GLOBAL_ACCENT_COLOR_NAME = AccentColor;
				CODE_SIGN_STYLE = Automatic;
				CURRENT_PROJECT_VERSION = 1;
				DEVELOPMENT_ASSET_PATHS = "\"WeatherApp/Preview Content\"";
				ENABLE_PREVIEWS = YES;
				GENERATE_INFOPLIST_FILE = YES;
				INFOPLIST_KEY_UIApplicationSceneManifest_Generation = YES;
				INFOPLIST_KEY_UIApplicationSupportsIndirectInputEvents = YES;
				INFOPLIST_KEY_UILaunchScreen_Generation = YES;
				INFOPLIST_KEY_UISupportedInterfaceOrientations_iPad = "UIInterfaceOrientationPortrait UIInterfaceOrientationPortraitUpsideDown UIInterfaceOrientationLandscapeLeft UIInterfaceOrientationLandscapeRight";
				INFOPLIST_KEY_UISupportedInterfaceOrientations_iPhone = "UIInterfaceOrientationPortrait UIInterfaceOrientationLandscapeLeft UIInterfaceOrientationLandscapeRight";
				LD_RUNPATH_SEARCH_PATHS = (
					"$(inherited)",
					"@executable_path/Frameworks",
				);
				MARKETING_VERSION = 1.0;
				PRODUCT_BUNDLE_IDENTIFIER = com.your.TBC.WeatherApp;
				PRODUCT_NAME = "$(TARGET_NAME)";
				SWIFT_EMIT_LOC_STRINGS = YES;
				SWIFT_VERSION = 5.0;
				TARGETED_DEVICE_FAMILY = "1,2";
			};
			name = Release;
		};
/* End XCBuildConfiguration section */

/* Begin XCConfigurationList section */
		598271BE2C196BA600C43BF7 /* Build configuration list for PBXProject "WeatherApp" */ = {
			isa = XCConfigurationList;
			buildConfigurations = (
				598271CF2C196BA900C43BF7 /* Debug */,
				598271D02C196BA900C43BF7 /* Release */,
			);
			defaultConfigurationIsVisible = 0;
			defaultConfigurationName = Release;
		};
		598271D12C196BA900C43BF7 /* Build configuration list for PBXNativeTarget "WeatherApp" */ = {
			isa = XCConfigurationList;
			buildConfigurations = (
				598271D22C196BA900C43BF7 /* Debug */,
				598271D32C196BA900C43BF7 /* Release */,
			);
			defaultConfigurationIsVisible = 0;
			defaultConfigurationName = Release;
		};
/* End XCConfigurationList section */

/* Begin XCRemoteSwiftPackageReference section */
		59BAA21F2C1B7D26000FE16B /* XCRemoteSwiftPackageReference "NetWorking-Package" */ = {
			isa = XCRemoteSwiftPackageReference;
			repositoryURL = "https://github.com/AnaIoramashvili/NetWorking-Package";
			requirement = {
				branch = main;
				kind = branch;
			};
		};
/* End XCRemoteSwiftPackageReference section */

/* Begin XCSwiftPackageProductDependency section */
		59BAA2202C1B7D26000FE16B /* myNetworkPackage */ = {
			isa = XCSwiftPackageProductDependency;
			package = 59BAA21F2C1B7D26000FE16B /* XCRemoteSwiftPackageReference "NetWorking-Package" */;
			productName = myNetworkPackage;
		};
/* End XCSwiftPackageProductDependency section */
	};
	rootObject = 598271BB2C196BA600C43BF7 /* Project object */;
}
